
Microsoft Visual Studio Solution File, Format Version 12.00
# Visual Studio Version 17
VisualStudioVersion = 17.10.35013.160
MinimumVisualStudioVersion = 10.0.40219.1
Project("{FAE04EC0-301F-11D3-BF4B-00C04F79EFBC}") = "DSW1_EF_ALAN_OLAYA_EDGAR_FABIAN", "DSW1_EF_ALAN_OLAYA_EDGAR_FABIAN\DSW1_EF_ALAN_OLAYA_EDGAR_FABIAN.csproj", "{B3F4C016-343E-43C5-83E0-98DF5A9A864A}"
EndProject
Global
	GlobalSection(SolutionConfigurationPlatforms) = preSolution
		Debug|Any CPU = Debug|Any CPU
		Release|Any CPU = Release|Any CPU
	EndGlobalSection
	GlobalSection(ProjectConfigurationPlatforms) = postSolution
		{B3F4C016-343E-43C5-83E0-98DF5A9A864A}.Debug|Any CPU.ActiveCfg = Debug|Any CPU
		{B3F4C016-343E-43C5-83E0-98DF5A9A864A}.Debug|Any CPU.Build.0 = Debug|Any CPU
		{B3F4C016-343E-43C5-83E0-98DF5A9A864A}.Release|Any CPU.ActiveCfg = Release|Any CPU
		{B3F4C016-343E-43C5-83E0-98DF5A9A864A}.Release|Any CPU.Build.0 = Release|Any CPU
	EndGlobalSection
	GlobalSection(SolutionProperties) = preSolution
		HideSolutionNode = FALSE
	EndGlobalSection
	GlobalSection(ExtensibilityGlobals) = postSolution
		SolutionGuid = {D00C9547-8BA6-421E-BE21-7A8D7647B3D3}
	EndGlobalSection
EndGlobal
